
Microsoft Visual Studio Solution File, Format Version 12.00
# Visual Studio 15
VisualStudioVersion = 15.0.27703.2047
MinimumVisualStudioVersion = 10.0.40219.1
Project("{FAE04EC0-301F-11D3-BF4B-00C04F79EFBC}") = "AzureFileAPI", "AzureFileAPI\AzureFileAPI.csproj", "{9F22C27D-A001-4DD4-BF22-CDB5A78C60CD}"
EndProject
Global
	GlobalSection(SolutionConfigurationPlatforms) = preSolution
		Debug|Any CPU = Debug|Any CPU
		Release|Any CPU = Release|Any CPU
	EndGlobalSection
	GlobalSection(ProjectConfigurationPlatforms) = postSolution
		{9F22C27D-A001-4DD4-BF22-CDB5A78C60CD}.Debug|Any CPU.ActiveCfg = Debug|Any CPU
		{9F22C27D-A001-4DD4-BF22-CDB5A78C60CD}.Debug|Any CPU.Build.0 = Debug|Any CPU
		{9F22C27D-A001-4DD4-BF22-CDB5A78C60CD}.Release|Any CPU.ActiveCfg = Release|Any CPU
		{9F22C27D-A001-4DD4-BF22-CDB5A78C60CD}.Release|Any CPU.Build.0 = Release|Any CPU
	EndGlobalSection
	GlobalSection(SolutionProperties) = preSolution
		HideSolutionNode = FALSE
	EndGlobalSection
	GlobalSection(ExtensibilityGlobals) = postSolution
		SolutionGuid = {98199BFA-BF3B-404E-A6DF-DD2B617D1588}
	EndGlobalSection
EndGlobal
